// !$*UTF8*$!
{
	archiveVersion = 1;
	classes = {
	};
	objectVersion = 50;
	objects = {

/* Begin PBXBuildFile section */
		FF34E72F225609F200AC1B83 /* AppDelegate.swift in Sources */ = {isa = PBXBuildFile; fileRef = FF34E72E225609F200AC1B83 /* AppDelegate.swift */; };
		FF34E731225609F200AC1B83 /* ViewController.swift in Sources */ = {isa = PBXBuildFile; fileRef = FF34E730225609F200AC1B83 /* ViewController.swift */; };
		FF34E734225609F200AC1B83 /* Main.storyboard in Resources */ = {isa = PBXBuildFile; fileRef = FF34E732225609F200AC1B83 /* Main.storyboard */; };
		FF34E736225609F400AC1B83 /* Assets.xcassets in Resources */ = {isa = PBXBuildFile; fileRef = FF34E735225609F400AC1B83 /* Assets.xcassets */; };
		FF34E739225609F400AC1B83 /* LaunchScreen.storyboard in Resources */ = {isa = PBXBuildFile; fileRef = FF34E737225609F400AC1B83 /* LaunchScreen.storyboard */; };
		FF4542082258DD46006D9E7E /* SimpleBounce.swift in Sources */ = {isa = PBXBuildFile; fileRef = FF4542072258DD46006D9E7E /* SimpleBounce.swift */; };
/* End PBXBuildFile section */

/* Begin PBXFileReference section */
		FF34E72B225609F200AC1B83 /* AthleteMinder.app */ = {isa = PBXFileReference; explicitFileType = wrapper.application; includeInIndex = 0; path = AthleteMinder.app; sourceTree = BUILT_PRODUCTS_DIR; };
		FF34E72E225609F200AC1B83 /* AppDelegate.swift */ = {isa = PBXFileReference; lastKnownFileType = sourcecode.swift; path = AppDelegate.swift; sourceTree = "<group>"; };
		FF34E730225609F200AC1B83 /* ViewController.swift */ = {isa = PBXFileReference; lastKnownFileType = sourcecode.swift; path = ViewController.swift; sourceTree = "<group>"; };
		FF34E733225609F200AC1B83 /* Base */ = {isa = PBXFileReference; lastKnownFileType = file.storyboard; name = Base; path = Base.lproj/Main.storyboard; sourceTree = "<group>"; };
		FF34E735225609F400AC1B83 /* Assets.xcassets */ = {isa = PBXFileReference; lastKnownFileType = folder.assetcatalog; path = Assets.xcassets; sourceTree = "<group>"; };
		FF34E738225609F400AC1B83 /* Base */ = {isa = PBXFileReference; lastKnownFileType = file.storyboard; name = Base; path = Base.lproj/LaunchScreen.storyboard; sourceTree = "<group>"; };
		FF34E73A225609F400AC1B83 /* Info.plist */ = {isa = PBXFileReference; lastKnownFileType = text.plist.xml; path = Info.plist; sourceTree = "<group>"; };
		FF4542072258DD46006D9E7E /* SimpleBounce.swift */ = {isa = PBXFileReference; lastKnownFileType = sourcecode.swift; path = SimpleBounce.swift; sourceTree = "<group>"; };
/* End PBXFileReference section */

/* Begin PBXFrameworksBuildPhase section */
		FF34E728225609F100AC1B83 /* Frameworks */ = {
			isa = PBXFrameworksBuildPhase;
			buildActionMask = 2147483647;
			files = (
			);
			runOnlyForDeploymentPostprocessing = 0;
		};
/* End PBXFrameworksBuildPhase section */

/* Begin PBXGroup section */
		FF34E722225609F100AC1B83 = {
			isa = PBXGroup;
			children = (
				FF34E72D225609F200AC1B83 /* AthleteMinder */,
				FF34E72C225609F200AC1B83 /* Products */,
			);
			sourceTree = "<group>";
		};
		FF34E72C225609F200AC1B83 /* Products */ = {
			isa = PBXGroup;
			children = (
				FF34E72B225609F200AC1B83 /* AthleteMinder.app */,
			);
			name = Products;
			sourceTree = "<group>";
		};
		FF34E72D225609F200AC1B83 /* AthleteMinder */ = {
			isa = PBXGroup;
			children = (
				FF34E72E225609F200AC1B83 /* AppDelegate.swift */,
				FF4542072258DD46006D9E7E /* SimpleBounce.swift */,
				FF34E730225609F200AC1B83 /* ViewController.swift */,
				FF34E732225609F200AC1B83 /* Main.storyboard */,
				FF34E735225609F400AC1B83 /* Assets.xcassets */,
				FF34E737225609F400AC1B83 /* LaunchScreen.storyboard */,
				FF34E73A225609F400AC1B83 /* Info.plist */,
			);
			path = AthleteMinder;
			sourceTree = "<group>";
		};
/* End PBXGroup section */

/* Begin PBXNativeTarget section */
		FF34E72A225609F100AC1B83 /* AthleteMinder */ = {
			isa = PBXNativeTarget;
			buildConfigurationList = FF34E73D225609F400AC1B83 /* Build configuration list for PBXNativeTarget "AthleteMinder" */;
			buildPhases = (
				FF34E727225609F100AC1B83 /* Sources */,
				FF34E728225609F100AC1B83 /* Frameworks */,
				FF34E729225609F100AC1B83 /* Resources */,
			);
			buildRules = (
			);
			dependencies = (
			);
			name = AthleteMinder;
			productName = AthleteMinder;
			productReference = FF34E72B225609F200AC1B83 /* AthleteMinder.app */;
			productType = "com.apple.product-type.application";
		};
/* End PBXNativeTarget section */

/* Begin PBXProject section */
		FF34E723225609F100AC1B83 /* Project object */ = {
			isa = PBXProject;
			attributes = {
				LastSwiftUpdateCheck = 1020;
				LastUpgradeCheck = 1020;
				ORGANIZATIONNAME = "Azhar Anwar";
				TargetAttributes = {
					FF34E72A225609F100AC1B83 = {
						CreatedOnToolsVersion = 10.2;
					};
				};
			};
			buildConfigurationList = FF34E726225609F100AC1B83 /* Build configuration list for PBXProject "AthleteMinder" */;
			compatibilityVersion = "Xcode 9.3";
			developmentRegion = en;
			hasScannedForEncodings = 0;
			knownRegions = (
				en,
				Base,
			);
			mainGroup = FF34E722225609F100AC1B83;
			productRefGroup = FF34E72C225609F200AC1B83 /* Products */;
			projectDirPath = "";
			projectRoot = "";
			targets = (
				FF34E72A225609F100AC1B83 /* AthleteMinder */,
			);
		};
/* End PBXProject section */

/* Begin PBXResourcesBuildPhase section */
		FF34E729225609F100AC1B83 /* Resources */ = {
			isa = PBXResourcesBuildPhase;
			buildActionMask = 2147483647;
			files = (
				FF34E739225609F400AC1B83 /* LaunchScreen.storyboard in Resources */,
				FF34E736225609F400AC1B83 /* Assets.xcassets in Resources */,
				FF34E734225609F200AC1B83 /* Main.storyboard in Resources */,
			);
			runOnlyForDeploymentPostprocessing = 0;
		};
/* End PBXResourcesBuildPhase section */

/* Begin PBXSourcesBuildPhase section */
		FF34E727225609F100AC1B83 /* Sources */ = {
			isa = PBXSourcesBuildPhase;
			buildActionMask = 2147483647;
			files = (
				FF4542082258DD46006D9E7E /* SimpleBounce.swift in Sources */,
				FF34E731225609F200AC1B83 /* ViewController.swift in Sources */,
				FF34E72F225609F200AC1B83 /* AppDelegate.swift in Sources */,
			);
			runOnlyForDeploymentPostprocessing = 0;
		};
/* End PBXSourcesBuildPhase section */

/* Begin PBXVariantGroup section */
		FF34E732225609F200AC1B83 /* Main.storyboard */ = {
			isa = PBXVariantGroup;
			children = (
				FF34E733225609F200AC1B83 /* Base */,
			);
			name = Main.storyboard;
			sourceTree = "<group>";
		};
		FF34E737225609F400AC1B83 /* LaunchScreen.storyboard */ = {
			isa = PBXVariantGroup;
			children = (
				FF34E738225609F400AC1B83 /* Base */,
			);
			name = LaunchScreen.storyboard;
			sourceTree = "<group>";
		};
/* End PBXVariantGroup section */

/* Begin XCBuildConfiguration section */
		FF34E73B225609F400AC1B83 /* Debug */ = {
			isa = XCBuildConfiguration;
			buildSettings = {
				ALWAYS_SEARCH_USER_PATHS = NO;
				CLANG_ANALYZER_NONNULL = YES;
				CLANG_ANALYZER_NUMBER_OBJECT_CONVERSION = YES_AGGRESSIVE;
				CLANG_CXX_LANGUAGE_STANDARD = "gnu++14";
				CLANG_CXX_LIBRARY = "libc++";
				CLANG_ENABLE_MODULES = YES;
				CLANG_ENABLE_OBJC_ARC = YES;
				CLANG_ENABLE_OBJC_WEAK = YES;
				CLANG_WARN_BLOCK_CAPTURE_AUTORELEASING = YES;
				CLANG_WARN_BOOL_CONVERSION = YES;
				CLANG_WARN_COMMA = YES;
				CLANG_WARN_CONSTANT_CONVERSION = YES;
				CLANG_WARN_DEPRECATED_OBJC_IMPLEMENTATIONS = YES;
				CLANG_WARN_DIRECT_OBJC_ISA_USAGE = YES_ERROR;
				CLANG_WARN_DOCUMENTATION_COMMENTS = YES;
				CLANG_WARN_EMPTY_BODY = YES;
				CLANG_WARN_ENUM_CONVERSION = YES;
				CLANG_WARN_INFINITE_RECURSION = YES;
				CLANG_WARN_INT_CONVERSION = YES;
				CLANG_WARN_NON_LITERAL_NULL_CONVERSION = YES;
				CLANG_WARN_OBJC_IMPLICIT_RETAIN_SELF = YES;
				CLANG_WARN_OBJC_LITERAL_CONVERSION = YES;
				CLANG_WARN_OBJC_ROOT_CLASS = YES_ERROR;
				CLANG_WARN_RANGE_LOOP_ANALYSIS = YES;
				CLANG_WARN_STRICT_PROTOTYPES = YES;
				CLANG_WARN_SUSPICIOUS_MOVE = YES;
				CLANG_WARN_UNGUARDED_AVAILABILITY = YES_AGGRESSIVE;
				CLANG_WARN_UNREACHABLE_CODE = YES;
				CLANG_WARN__DUPLICATE_METHOD_MATCH = YES;
				CODE_SIGN_IDENTITY = "iPhone Developer";
				COPY_PHASE_STRIP = NO;
				DEBUG_INFORMATION_FORMAT = dwarf;
				ENABLE_STRICT_OBJC_MSGSEND = YES;
				ENABLE_TESTABILITY = YES;
				GCC_C_LANGUAGE_STANDARD = gnu11;
				GCC_DYNAMIC_NO_PIC = NO;
				GCC_NO_COMMON_BLOCKS = YES;
				GCC_OPTIMIZATION_LEVEL = 0;
				GCC_PREPROCESSOR_DEFINITIONS = (
					"DEBUG=1",
					"$(inherited)",
				);
				GCC_WARN_64_TO_32_BIT_CONVERSION = YES;
				GCC_WARN_ABOUT_RETURN_TYPE = YES_ERROR;
				GCC_WARN_UNDECLARED_SELECTOR = YES;
				GCC_WARN_UNINITIALIZED_AUTOS = YES_AGGRESSIVE;
				GCC_WARN_UNUSED_FUNCTION = YES;
				GCC_WARN_UNUSED_VARIABLE = YES;
				IPHONEOS_DEPLOYMENT_TARGET = 12.2;
				MTL_ENABLE_DEBUG_INFO = INCLUDE_SOURCE;
				MTL_FAST_MATH = YES;
				ONLY_ACTIVE_ARCH = YES;
				SDKROOT = iphoneos;
				SWIFT_ACTIVE_COMPILATION_CONDITIONS = DEBUG;
				SWIFT_OPTIMIZATION_LEVEL = "-Onone";
			};
			name = Debug;
		};
		FF34E73C225609F400AC1B83 /* Release */ = {
			isa = XCBuildConfiguration;
			buildSettings = {
				ALWAYS_SEARCH_USER_PATHS = NO;
				CLANG_ANALYZER_NONNULL = YES;
				CLANG_ANALYZER_NUMBER_OBJECT_CONVERSION = YES_AGGRESSIVE;
				CLANG_CXX_LANGUAGE_STANDARD = "gnu++14";
				CLANG_CXX_LIBRARY = "libc++";
				CLANG_ENABLE_MODULES = YES;
				CLANG_ENABLE_OBJC_ARC = YES;
				CLANG_ENABLE_OBJC_WEAK = YES;
				CLANG_WARN_BLOCK_CAPTURE_AUTORELEASING = YES;
				CLANG_WARN_BOOL_CONVERSION = YES;
				CLANG_WARN_COMMA = YES;
				CLANG_WARN_CONSTANT_CONVERSION = YES;
				CLANG_WARN_DEPRECATED_OBJC_IMPLEMENTATIONS = YES;
				CLANG_WARN_DIRECT_OBJC_ISA_USAGE = YES_ERROR;
				CLANG_WARN_DOCUMENTATION_COMMENTS = YES;
				CLANG_WARN_EMPTY_BODY = YES;
				CLANG_WARN_ENUM_CONVERSION = YES;
				CLANG_WARN_INFINITE_RECURSION = YES;
				CLANG_WARN_INT_CONVERSION = YES;
				CLANG_WARN_NON_LITERAL_NULL_CONVERSION = YES;
				CLANG_WARN_OBJC_IMPLICIT_RETAIN_SELF = YES;
				CLANG_WARN_OBJC_LITERAL_CONVERSION = YES;
				CLANG_WARN_OBJC_ROOT_CLASS = YES_ERROR;
				CLANG_WARN_RANGE_LOOP_ANALYSIS = YES;
				CLANG_WARN_STRICT_PROTOTYPES = YES;
				CLANG_WARN_SUSPICIOUS_MOVE = YES;
				CLANG_WARN_UNGUARDED_AVAILABILITY = YES_AGGRESSIVE;
				CLANG_WARN_UNREACHABLE_CODE = YES;
				CLANG_WARN__DUPLICATE_METHOD_MATCH = YES;
				CODE_SIGN_IDENTITY = "iPhone Developer";
				COPY_PHASE_STRIP = NO;
				DEBUG_INFORMATION_FORMAT = "dwarf-with-dsym";
				ENABLE_NS_ASSERTIONS = NO;
				ENABLE_STRICT_OBJC_MSGSEND = YES;
				GCC_C_LANGUAGE_STANDARD = gnu11;
				GCC_NO_COMMON_BLOCKS = YES;
				GCC_WARN_64_TO_32_BIT_CONVERSION = YES;
				GCC_WARN_ABOUT_RETURN_TYPE = YES_ERROR;
				GCC_WARN_UNDECLARED_SELECTOR = YES;
				GCC_WARN_UNINITIALIZED_AUTOS = YES_AGGRESSIVE;
				GCC_WARN_UNUSED_FUNCTION = YES;
				GCC_WARN_UNUSED_VARIABLE = YES;
				IPHONEOS_DEPLOYMENT_TARGET = 12.2;
				MTL_ENABLE_DEBUG_INFO = NO;
				MTL_FAST_MATH = YES;
				SDKROOT = iphoneos;
				SWIFT_COMPILATION_MODE = wholemodule;
				SWIFT_OPTIMIZATION_LEVEL = "-O";
				VALIDATE_PRODUCT = YES;
			};
			name = Release;
		};
		FF34E73E225609F400AC1B83 /* Debug */ = {
			isa = XCBuildConfiguration;
			buildSettings = {
				ASSETCATALOG_COMPILER_APPICON_NAME = AppIcon;
				CODE_SIGN_STYLE = Automatic;
				DEVELOPMENT_TEAM = RD7HUSH4T7;
				INFOPLIST_FILE = AthleteMinder/Info.plist;
				LD_RUNPATH_SEARCH_PATHS = (
					"$(inherited)",
					"@executable_path/Frameworks",
				);
				PRODUCT_BUNDLE_IDENTIFIER = com.azhar.AthleteMinder;
				PRODUCT_NAME = "$(TARGET_NAME)";
				SWIFT_VERSION = 5.0;
				TARGETED_DEVICE_FAMILY = "1,2";
			};
			name = Debug;
		};
		FF34E73F225609F400AC1B83 /* Release */ = {
			isa = XCBuildConfiguration;
			buildSettings = {
				ASSETCATALOG_COMPILER_APPICON_NAME = AppIcon;
				CODE_SIGN_STYLE = Automatic;
				DEVELOPMENT_TEAM = RD7HUSH4T7;
				INFOPLIST_FILE = AthleteMinder/Info.plist;
				LD_RUNPATH_SEARCH_PATHS = (
					"$(inherited)",
					"@executable_path/Frameworks",
				);
				PRODUCT_BUNDLE_IDENTIFIER = com.azhar.AthleteMinder;
				PRODUCT_NAME = "$(TARGET_NAME)";
				SWIFT_VERSION = 5.0;
				TARGETED_DEVICE_FAMILY = "1,2";
			};
			name = Release;
		};
/* End XCBuildConfiguration section */

/* Begin XCConfigurationList section */
		FF34E726225609F100AC1B83 /* Build configuration list for PBXProject "AthleteMinder" */ = {
			isa = XCConfigurationList;
			buildConfigurations = (
				FF34E73B225609F400AC1B83 /* Debug */,
				FF34E73C225609F400AC1B83 /* Release */,
			);
			defaultConfigurationIsVisible = 0;
			defaultConfigurationName = Release;
		};
		FF34E73D225609F400AC1B83 /* Build configuration list for PBXNativeTarget "AthleteMinder" */ = {
			isa = XCConfigurationList;
			buildConfigurations = (
				FF34E73E225609F400AC1B83 /* Debug */,
				FF34E73F225609F400AC1B83 /* Release */,
			);
			defaultConfigurationIsVisible = 0;
			defaultConfigurationName = Release;
		};
/* End XCConfigurationList section */
	};
	rootObject = FF34E723225609F100AC1B83 /* Project object */;
}
