// !$*UTF8*$!
{
	archiveVersion = 1;
	classes = {
	};
	objectVersion = 50;
	objects = {

/* Begin PBXBuildFile section */
		FF34E72F225609F200AC1B83 /* AppDelegate.swift in Sources */ = {isa = PBXBuildFile; fileRef = FF34E72E225609F200AC1B83 /* AppDelegate.swift */; };
		FF34E731225609F200AC1B83 /* ViewController.swift in Sources */ = {isa = PBXBuildFile; fileRef = FF34E730225609F200AC1B83 /* ViewController.swift */; };
		FF34E734225609F200AC1B83 /* Main.storyboard in Resources */ = {isa = PBXBuildFile; fileRef = FF34E732225609F200AC1B83 /* Main.storyboard */; };
		FF34E736225609F400AC1B83 /* Assets.xcassets in Resources */ = {isa = PBXBuildFile; fileRef = FF34E735225609F400AC1B83 /* Assets.xcassets */; };
		FF34E739225609F400AC1B83 /* LaunchScreen.storyboard in Resources */ = {isa = PBXBuildFile; fileRef = FF34E737225609F400AC1B83 /* LaunchScreen.storyboard */; };
		FF440CF12259415600614507 /* Extension+UIView.swift in Sources */ = {isa = PBXBuildFile; fileRef = FF440CF02259415600614507 /* Extension+UIView.swift */; };
		FF440CF3225943F100614507 /* RootPageViewController.swift in Sources */ = {isa = PBXBuildFile; fileRef = FF440CF2225943F100614507 /* RootPageViewController.swift */; };
		FF4542082258DD46006D9E7E /* SimpleBounce.swift in Sources */ = {isa = PBXBuildFile; fileRef = FF4542072258DD46006D9E7E /* SimpleBounce.swift */; };
		FF4542122258F797006D9E7E /* AthleteMinderUI.h in Headers */ = {isa = PBXBuildFile; fileRef = FF4542102258F797006D9E7E /* AthleteMinderUI.h */; settings = {ATTRIBUTES = (Public, ); }; };
		FF4542152258F797006D9E7E /* AthleteMinderUI.framework in Frameworks */ = {isa = PBXBuildFile; fileRef = FF45420E2258F797006D9E7E /* AthleteMinderUI.framework */; };
		FF4542162258F797006D9E7E /* AthleteMinderUI.framework in Embed Frameworks */ = {isa = PBXBuildFile; fileRef = FF45420E2258F797006D9E7E /* AthleteMinderUI.framework */; settings = {ATTRIBUTES = (CodeSignOnCopy, RemoveHeadersOnCopy, ); }; };
		FF45421C2258F7AD006D9E7E /* AMColor.swift in Sources */ = {isa = PBXBuildFile; fileRef = FF45421B2258F7AD006D9E7E /* AMColor.swift */; };
		FF45421E2258F87A006D9E7E /* UIColor+RGB.swift in Sources */ = {isa = PBXBuildFile; fileRef = FF45421D2258F87A006D9E7E /* UIColor+RGB.swift */; };
		FF4542202258FCF7006D9E7E /* AMFont.swift in Sources */ = {isa = PBXBuildFile; fileRef = FF45421F2258FCF7006D9E7E /* AMFont.swift */; };
		FF4542382258FD95006D9E7E /* DINNextLTPro-BoldItalic.otf in Resources */ = {isa = PBXBuildFile; fileRef = FF4542222258FD94006D9E7E /* DINNextLTPro-BoldItalic.otf */; };
		FF4542392258FD95006D9E7E /* DINNextLTPro-BoldItalic.otf in Resources */ = {isa = PBXBuildFile; fileRef = FF4542222258FD94006D9E7E /* DINNextLTPro-BoldItalic.otf */; };
		FF45423A2258FD95006D9E7E /* DINNextLTPro-UltraLight.otf in Resources */ = {isa = PBXBuildFile; fileRef = FF4542232258FD94006D9E7E /* DINNextLTPro-UltraLight.otf */; };
		FF45423B2258FD95006D9E7E /* DINNextLTPro-UltraLight.otf in Resources */ = {isa = PBXBuildFile; fileRef = FF4542232258FD94006D9E7E /* DINNextLTPro-UltraLight.otf */; };
		FF45423C2258FD95006D9E7E /* DINNextLTPro-Bold.otf in Resources */ = {isa = PBXBuildFile; fileRef = FF4542242258FD94006D9E7E /* DINNextLTPro-Bold.otf */; };
		FF45423D2258FD95006D9E7E /* DINNextLTPro-Bold.otf in Resources */ = {isa = PBXBuildFile; fileRef = FF4542242258FD94006D9E7E /* DINNextLTPro-Bold.otf */; };
		FF45423E2258FD95006D9E7E /* DINNextLTPro-Heavy.otf in Resources */ = {isa = PBXBuildFile; fileRef = FF4542252258FD94006D9E7E /* DINNextLTPro-Heavy.otf */; };
		FF45423F2258FD95006D9E7E /* DINNextLTPro-Heavy.otf in Resources */ = {isa = PBXBuildFile; fileRef = FF4542252258FD94006D9E7E /* DINNextLTPro-Heavy.otf */; };
		FF4542402258FD95006D9E7E /* DINNextLTPro-UltraLightIt.otf in Resources */ = {isa = PBXBuildFile; fileRef = FF4542262258FD94006D9E7E /* DINNextLTPro-UltraLightIt.otf */; };
		FF4542412258FD95006D9E7E /* DINNextLTPro-UltraLightIt.otf in Resources */ = {isa = PBXBuildFile; fileRef = FF4542262258FD94006D9E7E /* DINNextLTPro-UltraLightIt.otf */; };
		FF4542422258FD95006D9E7E /* DINNextLTPro-MediumItalic.otf in Resources */ = {isa = PBXBuildFile; fileRef = FF4542272258FD94006D9E7E /* DINNextLTPro-MediumItalic.otf */; };
		FF4542432258FD95006D9E7E /* DINNextLTPro-MediumItalic.otf in Resources */ = {isa = PBXBuildFile; fileRef = FF4542272258FD94006D9E7E /* DINNextLTPro-MediumItalic.otf */; };
		FF4542442258FD95006D9E7E /* DINNextLTPro-HeavyItalic.otf in Resources */ = {isa = PBXBuildFile; fileRef = FF4542282258FD94006D9E7E /* DINNextLTPro-HeavyItalic.otf */; };
		FF4542452258FD95006D9E7E /* DINNextLTPro-HeavyItalic.otf in Resources */ = {isa = PBXBuildFile; fileRef = FF4542282258FD94006D9E7E /* DINNextLTPro-HeavyItalic.otf */; };
		FF4542462258FD95006D9E7E /* DINNextLTPro-BlackItalic.otf in Resources */ = {isa = PBXBuildFile; fileRef = FF4542292258FD94006D9E7E /* DINNextLTPro-BlackItalic.otf */; };
		FF4542472258FD95006D9E7E /* DINNextLTPro-BlackItalic.otf in Resources */ = {isa = PBXBuildFile; fileRef = FF4542292258FD94006D9E7E /* DINNextLTPro-BlackItalic.otf */; };
		FF4542482258FD95006D9E7E /* DINNextLTPro-Italic.otf in Resources */ = {isa = PBXBuildFile; fileRef = FF45422A2258FD94006D9E7E /* DINNextLTPro-Italic.otf */; };
		FF4542492258FD95006D9E7E /* DINNextLTPro-Italic.otf in Resources */ = {isa = PBXBuildFile; fileRef = FF45422A2258FD94006D9E7E /* DINNextLTPro-Italic.otf */; };
		FF45424A2258FD95006D9E7E /* DINNextLTPro-Black.otf in Resources */ = {isa = PBXBuildFile; fileRef = FF45422B2258FD94006D9E7E /* DINNextLTPro-Black.otf */; };
		FF45424B2258FD95006D9E7E /* DINNextLTPro-Black.otf in Resources */ = {isa = PBXBuildFile; fileRef = FF45422B2258FD94006D9E7E /* DINNextLTPro-Black.otf */; };
		FF45424C2258FD95006D9E7E /* DINNextLTPro-Light.otf in Resources */ = {isa = PBXBuildFile; fileRef = FF45422C2258FD95006D9E7E /* DINNextLTPro-Light.otf */; };
		FF45424D2258FD95006D9E7E /* DINNextLTPro-Light.otf in Resources */ = {isa = PBXBuildFile; fileRef = FF45422C2258FD95006D9E7E /* DINNextLTPro-Light.otf */; };
		FF45424E2258FD95006D9E7E /* DINNextLTPro-Condensed.otf in Resources */ = {isa = PBXBuildFile; fileRef = FF45422D2258FD95006D9E7E /* DINNextLTPro-Condensed.otf */; };
		FF45424F2258FD95006D9E7E /* DINNextLTPro-Condensed.otf in Resources */ = {isa = PBXBuildFile; fileRef = FF45422D2258FD95006D9E7E /* DINNextLTPro-Condensed.otf */; };
		FF4542502258FD95006D9E7E /* DINNextLTPro-BlackCondensed.otf in Resources */ = {isa = PBXBuildFile; fileRef = FF45422E2258FD95006D9E7E /* DINNextLTPro-BlackCondensed.otf */; };
		FF4542512258FD95006D9E7E /* DINNextLTPro-BlackCondensed.otf in Resources */ = {isa = PBXBuildFile; fileRef = FF45422E2258FD95006D9E7E /* DINNextLTPro-BlackCondensed.otf */; };
		FF4542522258FD95006D9E7E /* DINNextLTPro-MediumCond.otf in Resources */ = {isa = PBXBuildFile; fileRef = FF45422F2258FD95006D9E7E /* DINNextLTPro-MediumCond.otf */; };
		FF4542532258FD95006D9E7E /* DINNextLTPro-MediumCond.otf in Resources */ = {isa = PBXBuildFile; fileRef = FF45422F2258FD95006D9E7E /* DINNextLTPro-MediumCond.otf */; };
		FF4542542258FD95006D9E7E /* DINNextLTPro-LightItalic.otf in Resources */ = {isa = PBXBuildFile; fileRef = FF4542302258FD95006D9E7E /* DINNextLTPro-LightItalic.otf */; };
		FF4542552258FD95006D9E7E /* DINNextLTPro-LightItalic.otf in Resources */ = {isa = PBXBuildFile; fileRef = FF4542302258FD95006D9E7E /* DINNextLTPro-LightItalic.otf */; };
		FF4542562258FD95006D9E7E /* DINNextLTPro-Regular.otf in Resources */ = {isa = PBXBuildFile; fileRef = FF4542312258FD95006D9E7E /* DINNextLTPro-Regular.otf */; };
		FF4542572258FD95006D9E7E /* DINNextLTPro-Regular.otf in Resources */ = {isa = PBXBuildFile; fileRef = FF4542312258FD95006D9E7E /* DINNextLTPro-Regular.otf */; };
		FF4542582258FD95006D9E7E /* DINNextLTPro-BoldCondensed.otf in Resources */ = {isa = PBXBuildFile; fileRef = FF4542322258FD95006D9E7E /* DINNextLTPro-BoldCondensed.otf */; };
		FF4542592258FD95006D9E7E /* DINNextLTPro-BoldCondensed.otf in Resources */ = {isa = PBXBuildFile; fileRef = FF4542322258FD95006D9E7E /* DINNextLTPro-BoldCondensed.otf */; };
		FF45425A2258FD95006D9E7E /* DINNextLTPro-HeavyCondensed.otf in Resources */ = {isa = PBXBuildFile; fileRef = FF4542332258FD95006D9E7E /* DINNextLTPro-HeavyCondensed.otf */; };
		FF45425B2258FD95006D9E7E /* DINNextLTPro-HeavyCondensed.otf in Resources */ = {isa = PBXBuildFile; fileRef = FF4542332258FD95006D9E7E /* DINNextLTPro-HeavyCondensed.otf */; };
		FF45425C2258FD95006D9E7E /* BebasNeue.otf in Resources */ = {isa = PBXBuildFile; fileRef = FF4542342258FD95006D9E7E /* BebasNeue.otf */; };
		FF45425D2258FD95006D9E7E /* BebasNeue.otf in Resources */ = {isa = PBXBuildFile; fileRef = FF4542342258FD95006D9E7E /* BebasNeue.otf */; };
		FF45425E2258FD95006D9E7E /* DINNextLTPro-LightCondensed.otf in Resources */ = {isa = PBXBuildFile; fileRef = FF4542352258FD95006D9E7E /* DINNextLTPro-LightCondensed.otf */; };
		FF45425F2258FD95006D9E7E /* DINNextLTPro-LightCondensed.otf in Resources */ = {isa = PBXBuildFile; fileRef = FF4542352258FD95006D9E7E /* DINNextLTPro-LightCondensed.otf */; };
		FF4542602258FD95006D9E7E /* DINNextLTPro-Medium.otf in Resources */ = {isa = PBXBuildFile; fileRef = FF4542362258FD95006D9E7E /* DINNextLTPro-Medium.otf */; };
		FF4542612258FD95006D9E7E /* DINNextLTPro-Medium.otf in Resources */ = {isa = PBXBuildFile; fileRef = FF4542362258FD95006D9E7E /* DINNextLTPro-Medium.otf */; };
		FF4542622258FD95006D9E7E /* DINNextLTPro-UltraLightCond.otf in Resources */ = {isa = PBXBuildFile; fileRef = FF4542372258FD95006D9E7E /* DINNextLTPro-UltraLightCond.otf */; };
		FF4542632258FD95006D9E7E /* DINNextLTPro-UltraLightCond.otf in Resources */ = {isa = PBXBuildFile; fileRef = FF4542372258FD95006D9E7E /* DINNextLTPro-UltraLightCond.otf */; };
/* End PBXBuildFile section */

/* Begin PBXContainerItemProxy section */
		FF4542132258F797006D9E7E /* PBXContainerItemProxy */ = {
			isa = PBXContainerItemProxy;
			containerPortal = FF34E723225609F100AC1B83 /* Project object */;
			proxyType = 1;
			remoteGlobalIDString = FF45420D2258F797006D9E7E;
			remoteInfo = AthleteMinderUI;
		};
/* End PBXContainerItemProxy section */

/* Begin PBXCopyFilesBuildPhase section */
		FF45421A2258F797006D9E7E /* Embed Frameworks */ = {
			isa = PBXCopyFilesBuildPhase;
			buildActionMask = 2147483647;
			dstPath = "";
			dstSubfolderSpec = 10;
			files = (
				FF4542162258F797006D9E7E /* AthleteMinderUI.framework in Embed Frameworks */,
			);
			name = "Embed Frameworks";
			runOnlyForDeploymentPostprocessing = 0;
		};
/* End PBXCopyFilesBuildPhase section */

/* Begin PBXFileReference section */
		FF34E72B225609F200AC1B83 /* AthleteMinder.app */ = {isa = PBXFileReference; explicitFileType = wrapper.application; includeInIndex = 0; path = AthleteMinder.app; sourceTree = BUILT_PRODUCTS_DIR; };
		FF34E72E225609F200AC1B83 /* AppDelegate.swift */ = {isa = PBXFileReference; lastKnownFileType = sourcecode.swift; path = AppDelegate.swift; sourceTree = "<group>"; };
		FF34E730225609F200AC1B83 /* ViewController.swift */ = {isa = PBXFileReference; lastKnownFileType = sourcecode.swift; path = ViewController.swift; sourceTree = "<group>"; };
		FF34E733225609F200AC1B83 /* Base */ = {isa = PBXFileReference; lastKnownFileType = file.storyboard; name = Base; path = Base.lproj/Main.storyboard; sourceTree = "<group>"; };
		FF34E735225609F400AC1B83 /* Assets.xcassets */ = {isa = PBXFileReference; lastKnownFileType = folder.assetcatalog; path = Assets.xcassets; sourceTree = "<group>"; };
		FF34E738225609F400AC1B83 /* Base */ = {isa = PBXFileReference; lastKnownFileType = file.storyboard; name = Base; path = Base.lproj/LaunchScreen.storyboard; sourceTree = "<group>"; };
		FF34E73A225609F400AC1B83 /* Info.plist */ = {isa = PBXFileReference; lastKnownFileType = text.plist.xml; path = Info.plist; sourceTree = "<group>"; };
		FF440CF02259415600614507 /* Extension+UIView.swift */ = {isa = PBXFileReference; lastKnownFileType = sourcecode.swift; path = "Extension+UIView.swift"; sourceTree = "<group>"; };
		FF440CF2225943F100614507 /* RootPageViewController.swift */ = {isa = PBXFileReference; lastKnownFileType = sourcecode.swift; path = RootPageViewController.swift; sourceTree = "<group>"; };
		FF4542072258DD46006D9E7E /* SimpleBounce.swift */ = {isa = PBXFileReference; lastKnownFileType = sourcecode.swift; path = SimpleBounce.swift; sourceTree = "<group>"; };
		FF45420E2258F797006D9E7E /* AthleteMinderUI.framework */ = {isa = PBXFileReference; explicitFileType = wrapper.framework; includeInIndex = 0; path = AthleteMinderUI.framework; sourceTree = BUILT_PRODUCTS_DIR; };
		FF4542102258F797006D9E7E /* AthleteMinderUI.h */ = {isa = PBXFileReference; lastKnownFileType = sourcecode.c.h; path = AthleteMinderUI.h; sourceTree = "<group>"; };
		FF4542112258F797006D9E7E /* Info.plist */ = {isa = PBXFileReference; lastKnownFileType = text.plist.xml; path = Info.plist; sourceTree = "<group>"; };
		FF45421B2258F7AD006D9E7E /* AMColor.swift */ = {isa = PBXFileReference; lastKnownFileType = sourcecode.swift; path = AMColor.swift; sourceTree = "<group>"; };
		FF45421D2258F87A006D9E7E /* UIColor+RGB.swift */ = {isa = PBXFileReference; lastKnownFileType = sourcecode.swift; path = "UIColor+RGB.swift"; sourceTree = "<group>"; };
		FF45421F2258FCF7006D9E7E /* AMFont.swift */ = {isa = PBXFileReference; lastKnownFileType = sourcecode.swift; path = AMFont.swift; sourceTree = "<group>"; };
		FF4542222258FD94006D9E7E /* DINNextLTPro-BoldItalic.otf */ = {isa = PBXFileReference; lastKnownFileType = file; path = "DINNextLTPro-BoldItalic.otf"; sourceTree = "<group>"; };
		FF4542232258FD94006D9E7E /* DINNextLTPro-UltraLight.otf */ = {isa = PBXFileReference; lastKnownFileType = file; path = "DINNextLTPro-UltraLight.otf"; sourceTree = "<group>"; };
		FF4542242258FD94006D9E7E /* DINNextLTPro-Bold.otf */ = {isa = PBXFileReference; lastKnownFileType = file; path = "DINNextLTPro-Bold.otf"; sourceTree = "<group>"; };
		FF4542252258FD94006D9E7E /* DINNextLTPro-Heavy.otf */ = {isa = PBXFileReference; lastKnownFileType = file; path = "DINNextLTPro-Heavy.otf"; sourceTree = "<group>"; };
		FF4542262258FD94006D9E7E /* DINNextLTPro-UltraLightIt.otf */ = {isa = PBXFileReference; lastKnownFileType = file; path = "DINNextLTPro-UltraLightIt.otf"; sourceTree = "<group>"; };
		FF4542272258FD94006D9E7E /* DINNextLTPro-MediumItalic.otf */ = {isa = PBXFileReference; lastKnownFileType = file; path = "DINNextLTPro-MediumItalic.otf"; sourceTree = "<group>"; };
		FF4542282258FD94006D9E7E /* DINNextLTPro-HeavyItalic.otf */ = {isa = PBXFileReference; lastKnownFileType = file; path = "DINNextLTPro-HeavyItalic.otf"; sourceTree = "<group>"; };
		FF4542292258FD94006D9E7E /* DINNextLTPro-BlackItalic.otf */ = {isa = PBXFileReference; lastKnownFileType = file; path = "DINNextLTPro-BlackItalic.otf"; sourceTree = "<group>"; };
		FF45422A2258FD94006D9E7E /* DINNextLTPro-Italic.otf */ = {isa = PBXFileReference; lastKnownFileType = file; path = "DINNextLTPro-Italic.otf"; sourceTree = "<group>"; };
		FF45422B2258FD94006D9E7E /* DINNextLTPro-Black.otf */ = {isa = PBXFileReference; lastKnownFileType = file; path = "DINNextLTPro-Black.otf"; sourceTree = "<group>"; };
		FF45422C2258FD95006D9E7E /* DINNextLTPro-Light.otf */ = {isa = PBXFileReference; lastKnownFileType = file; path = "DINNextLTPro-Light.otf"; sourceTree = "<group>"; };
		FF45422D2258FD95006D9E7E /* DINNextLTPro-Condensed.otf */ = {isa = PBXFileReference; lastKnownFileType = file; path = "DINNextLTPro-Condensed.otf"; sourceTree = "<group>"; };
		FF45422E2258FD95006D9E7E /* DINNextLTPro-BlackCondensed.otf */ = {isa = PBXFileReference; lastKnownFileType = file; path = "DINNextLTPro-BlackCondensed.otf"; sourceTree = "<group>"; };
		FF45422F2258FD95006D9E7E /* DINNextLTPro-MediumCond.otf */ = {isa = PBXFileReference; lastKnownFileType = file; path = "DINNextLTPro-MediumCond.otf"; sourceTree = "<group>"; };
		FF4542302258FD95006D9E7E /* DINNextLTPro-LightItalic.otf */ = {isa = PBXFileReference; lastKnownFileType = file; path = "DINNextLTPro-LightItalic.otf"; sourceTree = "<group>"; };
		FF4542312258FD95006D9E7E /* DINNextLTPro-Regular.otf */ = {isa = PBXFileReference; lastKnownFileType = file; path = "DINNextLTPro-Regular.otf"; sourceTree = "<group>"; };
		FF4542322258FD95006D9E7E /* DINNextLTPro-BoldCondensed.otf */ = {isa = PBXFileReference; lastKnownFileType = file; path = "DINNextLTPro-BoldCondensed.otf"; sourceTree = "<group>"; };
		FF4542332258FD95006D9E7E /* DINNextLTPro-HeavyCondensed.otf */ = {isa = PBXFileReference; lastKnownFileType = file; path = "DINNextLTPro-HeavyCondensed.otf"; sourceTree = "<group>"; };
		FF4542342258FD95006D9E7E /* BebasNeue.otf */ = {isa = PBXFileReference; lastKnownFileType = file; path = BebasNeue.otf; sourceTree = "<group>"; };
		FF4542352258FD95006D9E7E /* DINNextLTPro-LightCondensed.otf */ = {isa = PBXFileReference; lastKnownFileType = file; path = "DINNextLTPro-LightCondensed.otf"; sourceTree = "<group>"; };
		FF4542362258FD95006D9E7E /* DINNextLTPro-Medium.otf */ = {isa = PBXFileReference; lastKnownFileType = file; path = "DINNextLTPro-Medium.otf"; sourceTree = "<group>"; };
		FF4542372258FD95006D9E7E /* DINNextLTPro-UltraLightCond.otf */ = {isa = PBXFileReference; lastKnownFileType = file; path = "DINNextLTPro-UltraLightCond.otf"; sourceTree = "<group>"; };
/* End PBXFileReference section */

/* Begin PBXFrameworksBuildPhase section */
		FF34E728225609F100AC1B83 /* Frameworks */ = {
			isa = PBXFrameworksBuildPhase;
			buildActionMask = 2147483647;
			files = (
				FF4542152258F797006D9E7E /* AthleteMinderUI.framework in Frameworks */,
			);
			runOnlyForDeploymentPostprocessing = 0;
		};
		FF45420B2258F797006D9E7E /* Frameworks */ = {
			isa = PBXFrameworksBuildPhase;
			buildActionMask = 2147483647;
			files = (
			);
			runOnlyForDeploymentPostprocessing = 0;
		};
/* End PBXFrameworksBuildPhase section */

/* Begin PBXGroup section */
		FF34E722225609F100AC1B83 = {
			isa = PBXGroup;
			children = (
				FF34E72D225609F200AC1B83 /* AthleteMinder */,
				FF4542212258FD71006D9E7E /* Fonts */,
				FF45420F2258F797006D9E7E /* AthleteMinderUI */,
				FF34E72C225609F200AC1B83 /* Products */,
			);
			sourceTree = "<group>";
		};
		FF34E72C225609F200AC1B83 /* Products */ = {
			isa = PBXGroup;
			children = (
				FF34E72B225609F200AC1B83 /* AthleteMinder.app */,
				FF45420E2258F797006D9E7E /* AthleteMinderUI.framework */,
			);
			name = Products;
			sourceTree = "<group>";
		};
		FF34E72D225609F200AC1B83 /* AthleteMinder */ = {
			isa = PBXGroup;
			children = (
				FF440CF52259524900614507 /* Controllers */,
				FF440CF42259524300614507 /* Views */,
				FF440CF62259526D00614507 /* Extensions */,
				FF34E72E225609F200AC1B83 /* AppDelegate.swift */,
				FF34E732225609F200AC1B83 /* Main.storyboard */,
				FF34E735225609F400AC1B83 /* Assets.xcassets */,
				FF34E737225609F400AC1B83 /* LaunchScreen.storyboard */,
				FF34E73A225609F400AC1B83 /* Info.plist */,
			);
			path = AthleteMinder;
			sourceTree = "<group>";
		};
		FF440CF42259524300614507 /* Views */ = {
			isa = PBXGroup;
			children = (
			);
			path = Views;
			sourceTree = "<group>";
		};
		FF440CF52259524900614507 /* Controllers */ = {
			isa = PBXGroup;
			children = (
				FF4542072258DD46006D9E7E /* SimpleBounce.swift */,
				FF34E730225609F200AC1B83 /* ViewController.swift */,
				FF440CF2225943F100614507 /* RootPageViewController.swift */,
			);
			path = Controllers;
			sourceTree = "<group>";
		};
		FF440CF62259526D00614507 /* Extensions */ = {
			isa = PBXGroup;
			children = (
				FF440CF02259415600614507 /* Extension+UIView.swift */,
			);
			path = Extensions;
			sourceTree = "<group>";
		};
		FF45420F2258F797006D9E7E /* AthleteMinderUI */ = {
			isa = PBXGroup;
			children = (
				FF4542102258F797006D9E7E /* AthleteMinderUI.h */,
				FF4542112258F797006D9E7E /* Info.plist */,
				FF45421B2258F7AD006D9E7E /* AMColor.swift */,
				FF45421F2258FCF7006D9E7E /* AMFont.swift */,
				FF45421D2258F87A006D9E7E /* UIColor+RGB.swift */,
			);
			path = AthleteMinderUI;
			sourceTree = "<group>";
		};
		FF4542212258FD71006D9E7E /* Fonts */ = {
			isa = PBXGroup;
			children = (
				FF4542342258FD95006D9E7E /* BebasNeue.otf */,
				FF45422B2258FD94006D9E7E /* DINNextLTPro-Black.otf */,
				FF45422E2258FD95006D9E7E /* DINNextLTPro-BlackCondensed.otf */,
				FF4542292258FD94006D9E7E /* DINNextLTPro-BlackItalic.otf */,
				FF4542242258FD94006D9E7E /* DINNextLTPro-Bold.otf */,
				FF4542322258FD95006D9E7E /* DINNextLTPro-BoldCondensed.otf */,
				FF4542222258FD94006D9E7E /* DINNextLTPro-BoldItalic.otf */,
				FF45422D2258FD95006D9E7E /* DINNextLTPro-Condensed.otf */,
				FF4542252258FD94006D9E7E /* DINNextLTPro-Heavy.otf */,
				FF4542332258FD95006D9E7E /* DINNextLTPro-HeavyCondensed.otf */,
				FF4542282258FD94006D9E7E /* DINNextLTPro-HeavyItalic.otf */,
				FF45422A2258FD94006D9E7E /* DINNextLTPro-Italic.otf */,
				FF45422C2258FD95006D9E7E /* DINNextLTPro-Light.otf */,
				FF4542352258FD95006D9E7E /* DINNextLTPro-LightCondensed.otf */,
				FF4542302258FD95006D9E7E /* DINNextLTPro-LightItalic.otf */,
				FF4542362258FD95006D9E7E /* DINNextLTPro-Medium.otf */,
				FF45422F2258FD95006D9E7E /* DINNextLTPro-MediumCond.otf */,
				FF4542272258FD94006D9E7E /* DINNextLTPro-MediumItalic.otf */,
				FF4542312258FD95006D9E7E /* DINNextLTPro-Regular.otf */,
				FF4542232258FD94006D9E7E /* DINNextLTPro-UltraLight.otf */,
				FF4542372258FD95006D9E7E /* DINNextLTPro-UltraLightCond.otf */,
				FF4542262258FD94006D9E7E /* DINNextLTPro-UltraLightIt.otf */,
			);
			path = Fonts;
			sourceTree = "<group>";
		};
/* End PBXGroup section */

/* Begin PBXHeadersBuildPhase section */
		FF4542092258F797006D9E7E /* Headers */ = {
			isa = PBXHeadersBuildPhase;
			buildActionMask = 2147483647;
			files = (
				FF4542122258F797006D9E7E /* AthleteMinderUI.h in Headers */,
			);
			runOnlyForDeploymentPostprocessing = 0;
		};
/* End PBXHeadersBuildPhase section */

/* Begin PBXNativeTarget section */
		FF34E72A225609F100AC1B83 /* AthleteMinder */ = {
			isa = PBXNativeTarget;
			buildConfigurationList = FF34E73D225609F400AC1B83 /* Build configuration list for PBXNativeTarget "AthleteMinder" */;
			buildPhases = (
				FF34E727225609F100AC1B83 /* Sources */,
				FF34E728225609F100AC1B83 /* Frameworks */,
				FF34E729225609F100AC1B83 /* Resources */,
				FF45421A2258F797006D9E7E /* Embed Frameworks */,
			);
			buildRules = (
			);
			dependencies = (
				FF4542142258F797006D9E7E /* PBXTargetDependency */,
			);
			name = AthleteMinder;
			productName = AthleteMinder;
			productReference = FF34E72B225609F200AC1B83 /* AthleteMinder.app */;
			productType = "com.apple.product-type.application";
		};
		FF45420D2258F797006D9E7E /* AthleteMinderUI */ = {
			isa = PBXNativeTarget;
			buildConfigurationList = FF4542172258F797006D9E7E /* Build configuration list for PBXNativeTarget "AthleteMinderUI" */;
			buildPhases = (
				FF4542092258F797006D9E7E /* Headers */,
				FF45420A2258F797006D9E7E /* Sources */,
				FF45420B2258F797006D9E7E /* Frameworks */,
				FF45420C2258F797006D9E7E /* Resources */,
			);
			buildRules = (
			);
			dependencies = (
			);
			name = AthleteMinderUI;
			productName = AthleteMinderUI;
			productReference = FF45420E2258F797006D9E7E /* AthleteMinderUI.framework */;
			productType = "com.apple.product-type.framework";
		};
/* End PBXNativeTarget section */

/* Begin PBXProject section */
		FF34E723225609F100AC1B83 /* Project object */ = {
			isa = PBXProject;
			attributes = {
				LastSwiftUpdateCheck = 1020;
				LastUpgradeCheck = 1020;
				ORGANIZATIONNAME = "Azhar Anwar";
				TargetAttributes = {
					FF34E72A225609F100AC1B83 = {
						CreatedOnToolsVersion = 10.2;
					};
					FF45420D2258F797006D9E7E = {
						CreatedOnToolsVersion = 10.2;
						LastSwiftMigration = 1020;
					};
				};
			};
			buildConfigurationList = FF34E726225609F100AC1B83 /* Build configuration list for PBXProject "AthleteMinder" */;
			compatibilityVersion = "Xcode 9.3";
			developmentRegion = en;
			hasScannedForEncodings = 0;
			knownRegions = (
				en,
				Base,
			);
			mainGroup = FF34E722225609F100AC1B83;
			productRefGroup = FF34E72C225609F200AC1B83 /* Products */;
			projectDirPath = "";
			projectRoot = "";
			targets = (
				FF34E72A225609F100AC1B83 /* AthleteMinder */,
				FF45420D2258F797006D9E7E /* AthleteMinderUI */,
			);
		};
/* End PBXProject section */

/* Begin PBXResourcesBuildPhase section */
		FF34E729225609F100AC1B83 /* Resources */ = {
			isa = PBXResourcesBuildPhase;
			buildActionMask = 2147483647;
			files = (
				FF4542482258FD95006D9E7E /* DINNextLTPro-Italic.otf in Resources */,
				FF4542542258FD95006D9E7E /* DINNextLTPro-LightItalic.otf in Resources */,
				FF45423E2258FD95006D9E7E /* DINNextLTPro-Heavy.otf in Resources */,
				FF4542402258FD95006D9E7E /* DINNextLTPro-UltraLightIt.otf in Resources */,
				FF45425E2258FD95006D9E7E /* DINNextLTPro-LightCondensed.otf in Resources */,
				FF4542522258FD95006D9E7E /* DINNextLTPro-MediumCond.otf in Resources */,
				FF45425A2258FD95006D9E7E /* DINNextLTPro-HeavyCondensed.otf in Resources */,
				FF45425C2258FD95006D9E7E /* BebasNeue.otf in Resources */,
				FF4542582258FD95006D9E7E /* DINNextLTPro-BoldCondensed.otf in Resources */,
				FF45424A2258FD95006D9E7E /* DINNextLTPro-Black.otf in Resources */,
				FF4542422258FD95006D9E7E /* DINNextLTPro-MediumItalic.otf in Resources */,
				FF34E739225609F400AC1B83 /* LaunchScreen.storyboard in Resources */,
				FF4542622258FD95006D9E7E /* DINNextLTPro-UltraLightCond.otf in Resources */,
				FF4542382258FD95006D9E7E /* DINNextLTPro-BoldItalic.otf in Resources */,
				FF34E736225609F400AC1B83 /* Assets.xcassets in Resources */,
				FF4542442258FD95006D9E7E /* DINNextLTPro-HeavyItalic.otf in Resources */,
				FF4542462258FD95006D9E7E /* DINNextLTPro-BlackItalic.otf in Resources */,
				FF4542562258FD95006D9E7E /* DINNextLTPro-Regular.otf in Resources */,
				FF45423C2258FD95006D9E7E /* DINNextLTPro-Bold.otf in Resources */,
				FF34E734225609F200AC1B83 /* Main.storyboard in Resources */,
				FF45423A2258FD95006D9E7E /* DINNextLTPro-UltraLight.otf in Resources */,
				FF45424E2258FD95006D9E7E /* DINNextLTPro-Condensed.otf in Resources */,
				FF4542502258FD95006D9E7E /* DINNextLTPro-BlackCondensed.otf in Resources */,
				FF45424C2258FD95006D9E7E /* DINNextLTPro-Light.otf in Resources */,
				FF4542602258FD95006D9E7E /* DINNextLTPro-Medium.otf in Resources */,
			);
			runOnlyForDeploymentPostprocessing = 0;
		};
		FF45420C2258F797006D9E7E /* Resources */ = {
			isa = PBXResourcesBuildPhase;
			buildActionMask = 2147483647;
			files = (
				FF45424B2258FD95006D9E7E /* DINNextLTPro-Black.otf in Resources */,
				FF4542452258FD95006D9E7E /* DINNextLTPro-HeavyItalic.otf in Resources */,
				FF4542612258FD95006D9E7E /* DINNextLTPro-Medium.otf in Resources */,
				FF4542412258FD95006D9E7E /* DINNextLTPro-UltraLightIt.otf in Resources */,
				FF4542632258FD95006D9E7E /* DINNextLTPro-UltraLightCond.otf in Resources */,
				FF45424D2258FD95006D9E7E /* DINNextLTPro-Light.otf in Resources */,
				FF45424F2258FD95006D9E7E /* DINNextLTPro-Condensed.otf in Resources */,
				FF4542592258FD95006D9E7E /* DINNextLTPro-BoldCondensed.otf in Resources */,
				FF45423D2258FD95006D9E7E /* DINNextLTPro-Bold.otf in Resources */,
				FF45423B2258FD95006D9E7E /* DINNextLTPro-UltraLight.otf in Resources */,
				FF4542552258FD95006D9E7E /* DINNextLTPro-LightItalic.otf in Resources */,
				FF45425F2258FD95006D9E7E /* DINNextLTPro-LightCondensed.otf in Resources */,
				FF45425D2258FD95006D9E7E /* BebasNeue.otf in Resources */,
				FF4542532258FD95006D9E7E /* DINNextLTPro-MediumCond.otf in Resources */,
				FF4542572258FD95006D9E7E /* DINNextLTPro-Regular.otf in Resources */,
				FF45423F2258FD95006D9E7E /* DINNextLTPro-Heavy.otf in Resources */,
				FF4542392258FD95006D9E7E /* DINNextLTPro-BoldItalic.otf in Resources */,
				FF4542492258FD95006D9E7E /* DINNextLTPro-Italic.otf in Resources */,
				FF45425B2258FD95006D9E7E /* DINNextLTPro-HeavyCondensed.otf in Resources */,
				FF4542472258FD95006D9E7E /* DINNextLTPro-BlackItalic.otf in Resources */,
				FF4542512258FD95006D9E7E /* DINNextLTPro-BlackCondensed.otf in Resources */,
				FF4542432258FD95006D9E7E /* DINNextLTPro-MediumItalic.otf in Resources */,
			);
			runOnlyForDeploymentPostprocessing = 0;
		};
/* End PBXResourcesBuildPhase section */

/* Begin PBXSourcesBuildPhase section */
		FF34E727225609F100AC1B83 /* Sources */ = {
			isa = PBXSourcesBuildPhase;
			buildActionMask = 2147483647;
			files = (
				FF4542082258DD46006D9E7E /* SimpleBounce.swift in Sources */,
				FF34E731225609F200AC1B83 /* ViewController.swift in Sources */,
				FF440CF3225943F100614507 /* RootPageViewController.swift in Sources */,
				FF440CF12259415600614507 /* Extension+UIView.swift in Sources */,
				FF34E72F225609F200AC1B83 /* AppDelegate.swift in Sources */,
			);
			runOnlyForDeploymentPostprocessing = 0;
		};
		FF45420A2258F797006D9E7E /* Sources */ = {
			isa = PBXSourcesBuildPhase;
			buildActionMask = 2147483647;
			files = (
				FF4542202258FCF7006D9E7E /* AMFont.swift in Sources */,
				FF45421C2258F7AD006D9E7E /* AMColor.swift in Sources */,
				FF45421E2258F87A006D9E7E /* UIColor+RGB.swift in Sources */,
			);
			runOnlyForDeploymentPostprocessing = 0;
		};
/* End PBXSourcesBuildPhase section */

/* Begin PBXTargetDependency section */
		FF4542142258F797006D9E7E /* PBXTargetDependency */ = {
			isa = PBXTargetDependency;
			target = FF45420D2258F797006D9E7E /* AthleteMinderUI */;
			targetProxy = FF4542132258F797006D9E7E /* PBXContainerItemProxy */;
		};
/* End PBXTargetDependency section */

/* Begin PBXVariantGroup section */
		FF34E732225609F200AC1B83 /* Main.storyboard */ = {
			isa = PBXVariantGroup;
			children = (
				FF34E733225609F200AC1B83 /* Base */,
			);
			name = Main.storyboard;
			sourceTree = "<group>";
		};
		FF34E737225609F400AC1B83 /* LaunchScreen.storyboard */ = {
			isa = PBXVariantGroup;
			children = (
				FF34E738225609F400AC1B83 /* Base */,
			);
			name = LaunchScreen.storyboard;
			sourceTree = "<group>";
		};
/* End PBXVariantGroup section */

/* Begin XCBuildConfiguration section */
		FF34E73B225609F400AC1B83 /* Debug */ = {
			isa = XCBuildConfiguration;
			buildSettings = {
				ALWAYS_SEARCH_USER_PATHS = NO;
				CLANG_ANALYZER_NONNULL = YES;
				CLANG_ANALYZER_NUMBER_OBJECT_CONVERSION = YES_AGGRESSIVE;
				CLANG_CXX_LANGUAGE_STANDARD = "gnu++14";
				CLANG_CXX_LIBRARY = "libc++";
				CLANG_ENABLE_MODULES = YES;
				CLANG_ENABLE_OBJC_ARC = YES;
				CLANG_ENABLE_OBJC_WEAK = YES;
				CLANG_WARN_BLOCK_CAPTURE_AUTORELEASING = YES;
				CLANG_WARN_BOOL_CONVERSION = YES;
				CLANG_WARN_COMMA = YES;
				CLANG_WARN_CONSTANT_CONVERSION = YES;
				CLANG_WARN_DEPRECATED_OBJC_IMPLEMENTATIONS = YES;
				CLANG_WARN_DIRECT_OBJC_ISA_USAGE = YES_ERROR;
				CLANG_WARN_DOCUMENTATION_COMMENTS = YES;
				CLANG_WARN_EMPTY_BODY = YES;
				CLANG_WARN_ENUM_CONVERSION = YES;
				CLANG_WARN_INFINITE_RECURSION = YES;
				CLANG_WARN_INT_CONVERSION = YES;
				CLANG_WARN_NON_LITERAL_NULL_CONVERSION = YES;
				CLANG_WARN_OBJC_IMPLICIT_RETAIN_SELF = YES;
				CLANG_WARN_OBJC_LITERAL_CONVERSION = YES;
				CLANG_WARN_OBJC_ROOT_CLASS = YES_ERROR;
				CLANG_WARN_RANGE_LOOP_ANALYSIS = YES;
				CLANG_WARN_STRICT_PROTOTYPES = YES;
				CLANG_WARN_SUSPICIOUS_MOVE = YES;
				CLANG_WARN_UNGUARDED_AVAILABILITY = YES_AGGRESSIVE;
				CLANG_WARN_UNREACHABLE_CODE = YES;
				CLANG_WARN__DUPLICATE_METHOD_MATCH = YES;
				CODE_SIGN_IDENTITY = "iPhone Developer";
				COPY_PHASE_STRIP = NO;
				DEBUG_INFORMATION_FORMAT = dwarf;
				ENABLE_STRICT_OBJC_MSGSEND = YES;
				ENABLE_TESTABILITY = YES;
				GCC_C_LANGUAGE_STANDARD = gnu11;
				GCC_DYNAMIC_NO_PIC = NO;
				GCC_NO_COMMON_BLOCKS = YES;
				GCC_OPTIMIZATION_LEVEL = 0;
				GCC_PREPROCESSOR_DEFINITIONS = (
					"DEBUG=1",
					"$(inherited)",
				);
				GCC_WARN_64_TO_32_BIT_CONVERSION = YES;
				GCC_WARN_ABOUT_RETURN_TYPE = YES_ERROR;
				GCC_WARN_UNDECLARED_SELECTOR = YES;
				GCC_WARN_UNINITIALIZED_AUTOS = YES_AGGRESSIVE;
				GCC_WARN_UNUSED_FUNCTION = YES;
				GCC_WARN_UNUSED_VARIABLE = YES;
				IPHONEOS_DEPLOYMENT_TARGET = 12.2;
				MTL_ENABLE_DEBUG_INFO = INCLUDE_SOURCE;
				MTL_FAST_MATH = YES;
				ONLY_ACTIVE_ARCH = YES;
				SDKROOT = iphoneos;
				SWIFT_ACTIVE_COMPILATION_CONDITIONS = DEBUG;
				SWIFT_OPTIMIZATION_LEVEL = "-Onone";
			};
			name = Debug;
		};
		FF34E73C225609F400AC1B83 /* Release */ = {
			isa = XCBuildConfiguration;
			buildSettings = {
				ALWAYS_SEARCH_USER_PATHS = NO;
				CLANG_ANALYZER_NONNULL = YES;
				CLANG_ANALYZER_NUMBER_OBJECT_CONVERSION = YES_AGGRESSIVE;
				CLANG_CXX_LANGUAGE_STANDARD = "gnu++14";
				CLANG_CXX_LIBRARY = "libc++";
				CLANG_ENABLE_MODULES = YES;
				CLANG_ENABLE_OBJC_ARC = YES;
				CLANG_ENABLE_OBJC_WEAK = YES;
				CLANG_WARN_BLOCK_CAPTURE_AUTORELEASING = YES;
				CLANG_WARN_BOOL_CONVERSION = YES;
				CLANG_WARN_COMMA = YES;
				CLANG_WARN_CONSTANT_CONVERSION = YES;
				CLANG_WARN_DEPRECATED_OBJC_IMPLEMENTATIONS = YES;
				CLANG_WARN_DIRECT_OBJC_ISA_USAGE = YES_ERROR;
				CLANG_WARN_DOCUMENTATION_COMMENTS = YES;
				CLANG_WARN_EMPTY_BODY = YES;
				CLANG_WARN_ENUM_CONVERSION = YES;
				CLANG_WARN_INFINITE_RECURSION = YES;
				CLANG_WARN_INT_CONVERSION = YES;
				CLANG_WARN_NON_LITERAL_NULL_CONVERSION = YES;
				CLANG_WARN_OBJC_IMPLICIT_RETAIN_SELF = YES;
				CLANG_WARN_OBJC_LITERAL_CONVERSION = YES;
				CLANG_WARN_OBJC_ROOT_CLASS = YES_ERROR;
				CLANG_WARN_RANGE_LOOP_ANALYSIS = YES;
				CLANG_WARN_STRICT_PROTOTYPES = YES;
				CLANG_WARN_SUSPICIOUS_MOVE = YES;
				CLANG_WARN_UNGUARDED_AVAILABILITY = YES_AGGRESSIVE;
				CLANG_WARN_UNREACHABLE_CODE = YES;
				CLANG_WARN__DUPLICATE_METHOD_MATCH = YES;
				CODE_SIGN_IDENTITY = "iPhone Developer";
				COPY_PHASE_STRIP = NO;
				DEBUG_INFORMATION_FORMAT = "dwarf-with-dsym";
				ENABLE_NS_ASSERTIONS = NO;
				ENABLE_STRICT_OBJC_MSGSEND = YES;
				GCC_C_LANGUAGE_STANDARD = gnu11;
				GCC_NO_COMMON_BLOCKS = YES;
				GCC_WARN_64_TO_32_BIT_CONVERSION = YES;
				GCC_WARN_ABOUT_RETURN_TYPE = YES_ERROR;
				GCC_WARN_UNDECLARED_SELECTOR = YES;
				GCC_WARN_UNINITIALIZED_AUTOS = YES_AGGRESSIVE;
				GCC_WARN_UNUSED_FUNCTION = YES;
				GCC_WARN_UNUSED_VARIABLE = YES;
				IPHONEOS_DEPLOYMENT_TARGET = 12.2;
				MTL_ENABLE_DEBUG_INFO = NO;
				MTL_FAST_MATH = YES;
				SDKROOT = iphoneos;
				SWIFT_COMPILATION_MODE = wholemodule;
				SWIFT_OPTIMIZATION_LEVEL = "-O";
				VALIDATE_PRODUCT = YES;
			};
			name = Release;
		};
		FF34E73E225609F400AC1B83 /* Debug */ = {
			isa = XCBuildConfiguration;
			buildSettings = {
				ALWAYS_EMBED_SWIFT_STANDARD_LIBRARIES = YES;
				ASSETCATALOG_COMPILER_APPICON_NAME = AppIcon;
				CODE_SIGN_STYLE = Automatic;
				DEVELOPMENT_TEAM = RD7HUSH4T7;
				INFOPLIST_FILE = AthleteMinder/Info.plist;
				LD_RUNPATH_SEARCH_PATHS = (
					"$(inherited)",
					"@executable_path/Frameworks",
				);
				PRODUCT_BUNDLE_IDENTIFIER = com.azhar.AthleteMinder;
				PRODUCT_NAME = "$(TARGET_NAME)";
				SWIFT_VERSION = 5.0;
				TARGETED_DEVICE_FAMILY = "1,2";
			};
			name = Debug;
		};
		FF34E73F225609F400AC1B83 /* Release */ = {
			isa = XCBuildConfiguration;
			buildSettings = {
				ALWAYS_EMBED_SWIFT_STANDARD_LIBRARIES = YES;
				ASSETCATALOG_COMPILER_APPICON_NAME = AppIcon;
				CODE_SIGN_STYLE = Automatic;
				DEVELOPMENT_TEAM = RD7HUSH4T7;
				INFOPLIST_FILE = AthleteMinder/Info.plist;
				LD_RUNPATH_SEARCH_PATHS = (
					"$(inherited)",
					"@executable_path/Frameworks",
				);
				PRODUCT_BUNDLE_IDENTIFIER = com.azhar.AthleteMinder;
				PRODUCT_NAME = "$(TARGET_NAME)";
				SWIFT_VERSION = 5.0;
				TARGETED_DEVICE_FAMILY = "1,2";
			};
			name = Release;
		};
		FF4542182258F797006D9E7E /* Debug */ = {
			isa = XCBuildConfiguration;
			buildSettings = {
				CLANG_ENABLE_MODULES = YES;
				CODE_SIGN_IDENTITY = "";
				CODE_SIGN_STYLE = Automatic;
				CURRENT_PROJECT_VERSION = 1;
				DEFINES_MODULE = YES;
				DEVELOPMENT_TEAM = RD7HUSH4T7;
				DYLIB_COMPATIBILITY_VERSION = 1;
				DYLIB_CURRENT_VERSION = 1;
				DYLIB_INSTALL_NAME_BASE = "@rpath";
				INFOPLIST_FILE = AthleteMinderUI/Info.plist;
				INSTALL_PATH = "$(LOCAL_LIBRARY_DIR)/Frameworks";
				LD_RUNPATH_SEARCH_PATHS = (
					"$(inherited)",
					"@executable_path/Frameworks",
					"@loader_path/Frameworks",
				);
				PRODUCT_BUNDLE_IDENTIFIER = com.azhar.AthleteMinderUI;
				PRODUCT_NAME = "$(TARGET_NAME:c99extidentifier)";
				SKIP_INSTALL = YES;
				SWIFT_OPTIMIZATION_LEVEL = "-Onone";
				SWIFT_VERSION = 5.0;
				TARGETED_DEVICE_FAMILY = "1,2";
				VERSIONING_SYSTEM = "apple-generic";
				VERSION_INFO_PREFIX = "";
			};
			name = Debug;
		};
		FF4542192258F797006D9E7E /* Release */ = {
			isa = XCBuildConfiguration;
			buildSettings = {
				CLANG_ENABLE_MODULES = YES;
				CODE_SIGN_IDENTITY = "";
				CODE_SIGN_STYLE = Automatic;
				CURRENT_PROJECT_VERSION = 1;
				DEFINES_MODULE = YES;
				DEVELOPMENT_TEAM = RD7HUSH4T7;
				DYLIB_COMPATIBILITY_VERSION = 1;
				DYLIB_CURRENT_VERSION = 1;
				DYLIB_INSTALL_NAME_BASE = "@rpath";
				INFOPLIST_FILE = AthleteMinderUI/Info.plist;
				INSTALL_PATH = "$(LOCAL_LIBRARY_DIR)/Frameworks";
				LD_RUNPATH_SEARCH_PATHS = (
					"$(inherited)",
					"@executable_path/Frameworks",
					"@loader_path/Frameworks",
				);
				PRODUCT_BUNDLE_IDENTIFIER = com.azhar.AthleteMinderUI;
				PRODUCT_NAME = "$(TARGET_NAME:c99extidentifier)";
				SKIP_INSTALL = YES;
				SWIFT_VERSION = 5.0;
				TARGETED_DEVICE_FAMILY = "1,2";
				VERSIONING_SYSTEM = "apple-generic";
				VERSION_INFO_PREFIX = "";
			};
			name = Release;
		};
/* End XCBuildConfiguration section */

/* Begin XCConfigurationList section */
		FF34E726225609F100AC1B83 /* Build configuration list for PBXProject "AthleteMinder" */ = {
			isa = XCConfigurationList;
			buildConfigurations = (
				FF34E73B225609F400AC1B83 /* Debug */,
				FF34E73C225609F400AC1B83 /* Release */,
			);
			defaultConfigurationIsVisible = 0;
			defaultConfigurationName = Release;
		};
		FF34E73D225609F400AC1B83 /* Build configuration list for PBXNativeTarget "AthleteMinder" */ = {
			isa = XCConfigurationList;
			buildConfigurations = (
				FF34E73E225609F400AC1B83 /* Debug */,
				FF34E73F225609F400AC1B83 /* Release */,
			);
			defaultConfigurationIsVisible = 0;
			defaultConfigurationName = Release;
		};
		FF4542172258F797006D9E7E /* Build configuration list for PBXNativeTarget "AthleteMinderUI" */ = {
			isa = XCConfigurationList;
			buildConfigurations = (
				FF4542182258F797006D9E7E /* Debug */,
				FF4542192258F797006D9E7E /* Release */,
			);
			defaultConfigurationIsVisible = 0;
			defaultConfigurationName = Release;
		};
/* End XCConfigurationList section */
	};
	rootObject = FF34E723225609F100AC1B83 /* Project object */;
}
